// !$*UTF8*$!
{
	archiveVersion = 1;
	classes = {
	};
	objectVersion = 46;
	objects = {

/* Begin PBXBuildFile section */
		B4BE8B061ACA319300F25852 /* CApp_OnCleanup.cpp in Sources */ = {isa = PBXBuildFile; fileRef = B4BE8AFF1ACA319300F25852 /* CApp_OnCleanup.cpp */; };
		B4BE8B071ACA319300F25852 /* CApp_OnEvent.cpp in Sources */ = {isa = PBXBuildFile; fileRef = B4BE8B001ACA319300F25852 /* CApp_OnEvent.cpp */; };
		B4BE8B081ACA319300F25852 /* CApp_OnInit.cpp in Sources */ = {isa = PBXBuildFile; fileRef = B4BE8B011ACA319300F25852 /* CApp_OnInit.cpp */; };
		B4BE8B091ACA319300F25852 /* CApp_OnLoop.cpp in Sources */ = {isa = PBXBuildFile; fileRef = B4BE8B021ACA319300F25852 /* CApp_OnLoop.cpp */; };
		B4BE8B0A1ACA319300F25852 /* CApp_OnRender.cpp in Sources */ = {isa = PBXBuildFile; fileRef = B4BE8B031ACA319300F25852 /* CApp_OnRender.cpp */; };
		B4BE8B0B1ACA319300F25852 /* CApp.cpp in Sources */ = {isa = PBXBuildFile; fileRef = B4BE8B041ACA319300F25852 /* CApp.cpp */; };
		B4BE8B181ACA31CD00F25852 /* SDL2.framework in Frameworks */ = {isa = PBXBuildFile; fileRef = B4BE8B151ACA31AE00F25852 /* SDL2.framework */; };
		B4BE8B1B1ACA31F400F25852 /* Mandelbrot.cpp in Sources */ = {isa = PBXBuildFile; fileRef = B4BE8B191ACA31F400F25852 /* Mandelbrot.cpp */; };
/* End PBXBuildFile section */

/* Begin PBXCopyFilesBuildPhase section */
		B4BE8AF31ACA312600F25852 /* CopyFiles */ = {
			isa = PBXCopyFilesBuildPhase;
			buildActionMask = 2147483647;
			dstPath = /usr/share/man/man1/;
			dstSubfolderSpec = 0;
			files = (
			);
			runOnlyForDeploymentPostprocessing = 1;
		};
/* End PBXCopyFilesBuildPhase section */

/* Begin PBXFileReference section */
		B4BE8AF51ACA312600F25852 /* FractalBrowser */ = {isa = PBXFileReference; explicitFileType = "compiled.mach-o.executable"; includeInIndex = 0; path = FractalBrowser; sourceTree = BUILT_PRODUCTS_DIR; };
		B4BE8AFF1ACA319300F25852 /* CApp_OnCleanup.cpp */ = {isa = PBXFileReference; fileEncoding = 4; lastKnownFileType = sourcecode.cpp.cpp; path = CApp_OnCleanup.cpp; sourceTree = "<group>"; };
		B4BE8B001ACA319300F25852 /* CApp_OnEvent.cpp */ = {isa = PBXFileReference; fileEncoding = 4; lastKnownFileType = sourcecode.cpp.cpp; path = CApp_OnEvent.cpp; sourceTree = "<group>"; };
		B4BE8B011ACA319300F25852 /* CApp_OnInit.cpp */ = {isa = PBXFileReference; fileEncoding = 4; lastKnownFileType = sourcecode.cpp.cpp; path = CApp_OnInit.cpp; sourceTree = "<group>"; };
		B4BE8B021ACA319300F25852 /* CApp_OnLoop.cpp */ = {isa = PBXFileReference; fileEncoding = 4; lastKnownFileType = sourcecode.cpp.cpp; path = CApp_OnLoop.cpp; sourceTree = "<group>"; };
		B4BE8B031ACA319300F25852 /* CApp_OnRender.cpp */ = {isa = PBXFileReference; fileEncoding = 4; lastKnownFileType = sourcecode.cpp.cpp; path = CApp_OnRender.cpp; sourceTree = "<group>"; };
		B4BE8B041ACA319300F25852 /* CApp.cpp */ = {isa = PBXFileReference; fileEncoding = 4; lastKnownFileType = sourcecode.cpp.cpp; path = CApp.cpp; sourceTree = "<group>"; };
		B4BE8B051ACA319300F25852 /* CApp.h */ = {isa = PBXFileReference; fileEncoding = 4; lastKnownFileType = sourcecode.c.h; path = CApp.h; sourceTree = "<group>"; };
		B4BE8B0D1ACA31AE00F25852 /* AEProfiling.framework */ = {isa = PBXFileReference; lastKnownFileType = wrapper.framework; path = AEProfiling.framework; sourceTree = "<group>"; };
		B4BE8B0E1ACA31AE00F25852 /* AERegistration.framework */ = {isa = PBXFileReference; lastKnownFileType = wrapper.framework; path = AERegistration.framework; sourceTree = "<group>"; };
		B4BE8B0F1ACA31AE00F25852 /* AudioMixEngine.framework */ = {isa = PBXFileReference; lastKnownFileType = wrapper.framework; path = AudioMixEngine.framework; sourceTree = "<group>"; };
		B4BE8B101ACA31AE00F25852 /* iTunesLibrary.framework */ = {isa = PBXFileReference; lastKnownFileType = wrapper.framework; path = iTunesLibrary.framework; sourceTree = "<group>"; };
		B4BE8B111ACA31AE00F25852 /* NyxAudioAnalysis.framework */ = {isa = PBXFileReference; lastKnownFileType = wrapper.framework; path = NyxAudioAnalysis.framework; sourceTree = "<group>"; };
		B4BE8B121ACA31AE00F25852 /* PluginManager.framework */ = {isa = PBXFileReference; lastKnownFileType = wrapper.framework; path = PluginManager.framework; sourceTree = "<group>"; };
		B4BE8B131ACA31AE00F25852 /* Python.framework */ = {isa = PBXFileReference; lastKnownFileType = wrapper.framework; path = Python.framework; sourceTree = "<group>"; };
		B4BE8B141ACA31AE00F25852 /* R.framework */ = {isa = PBXFileReference; lastKnownFileType = wrapper.framework; path = R.framework; sourceTree = "<group>"; };
		B4BE8B151ACA31AE00F25852 /* SDL2.framework */ = {isa = PBXFileReference; lastKnownFileType = wrapper.framework; path = SDL2.framework; sourceTree = "<group>"; };
		B4BE8B161ACA31AE00F25852 /* Tcl.framework */ = {isa = PBXFileReference; lastKnownFileType = wrapper.framework; path = Tcl.framework; sourceTree = "<group>"; };
		B4BE8B171ACA31AE00F25852 /* Tk.framework */ = {isa = PBXFileReference; lastKnownFileType = wrapper.framework; path = Tk.framework; sourceTree = "<group>"; };
		B4BE8B191ACA31F400F25852 /* Mandelbrot.cpp */ = {isa = PBXFileReference; fileEncoding = 4; lastKnownFileType = sourcecode.cpp.cpp; path = Mandelbrot.cpp; sourceTree = "<group>"; };
		B4BE8B1A1ACA31F400F25852 /* Mandelbrot.h */ = {isa = PBXFileReference; fileEncoding = 4; lastKnownFileType = sourcecode.c.h; path = Mandelbrot.h; sourceTree = "<group>"; };
/* End PBXFileReference section */

/* Begin PBXFrameworksBuildPhase section */
		B4BE8AF21ACA312600F25852 /* Frameworks */ = {
			isa = PBXFrameworksBuildPhase;
			buildActionMask = 2147483647;
			files = (
				B4BE8B181ACA31CD00F25852 /* SDL2.framework in Frameworks */,
			);
			runOnlyForDeploymentPostprocessing = 0;
		};
/* End PBXFrameworksBuildPhase section */

/* Begin PBXGroup section */
		B4BE8AEC1ACA312600F25852 = {
			isa = PBXGroup;
			children = (
				B4BE8B0C1ACA31AE00F25852 /* Frameworks */,
				B4BE8AF71ACA312600F25852 /* FractalBrowser */,
				B4BE8AF61ACA312600F25852 /* Products */,
			);
			sourceTree = "<group>";
		};
		B4BE8AF61ACA312600F25852 /* Products */ = {
			isa = PBXGroup;
			children = (
				B4BE8AF51ACA312600F25852 /* FractalBrowser */,
			);
			name = Products;
			sourceTree = "<group>";
		};
		B4BE8AF71ACA312600F25852 /* FractalBrowser */ = {
			isa = PBXGroup;
			children = (
				B4BE8B191ACA31F400F25852 /* Mandelbrot.cpp */,
				B4BE8B1A1ACA31F400F25852 /* Mandelbrot.h */,
				B4BE8AFF1ACA319300F25852 /* CApp_OnCleanup.cpp */,
				B4BE8B001ACA319300F25852 /* CApp_OnEvent.cpp */,
				B4BE8B011ACA319300F25852 /* CApp_OnInit.cpp */,
				B4BE8B021ACA319300F25852 /* CApp_OnLoop.cpp */,
				B4BE8B031ACA319300F25852 /* CApp_OnRender.cpp */,
				B4BE8B041ACA319300F25852 /* CApp.cpp */,
				B4BE8B051ACA319300F25852 /* CApp.h */,
			);
			path = FractalBrowser;
			sourceTree = "<group>";
		};
		B4BE8B0C1ACA31AE00F25852 /* Frameworks */ = {
			isa = PBXGroup;
			children = (
				B4BE8B0D1ACA31AE00F25852 /* AEProfiling.framework */,
				B4BE8B0E1ACA31AE00F25852 /* AERegistration.framework */,
				B4BE8B0F1ACA31AE00F25852 /* AudioMixEngine.framework */,
				B4BE8B101ACA31AE00F25852 /* iTunesLibrary.framework */,
				B4BE8B111ACA31AE00F25852 /* NyxAudioAnalysis.framework */,
				B4BE8B121ACA31AE00F25852 /* PluginManager.framework */,
				B4BE8B131ACA31AE00F25852 /* Python.framework */,
				B4BE8B141ACA31AE00F25852 /* R.framework */,
				B4BE8B151ACA31AE00F25852 /* SDL2.framework */,
				B4BE8B161ACA31AE00F25852 /* Tcl.framework */,
				B4BE8B171ACA31AE00F25852 /* Tk.framework */,
			);
			name = Frameworks;
			path = ../../../../../Library/Frameworks;
			sourceTree = "<group>";
		};
/* End PBXGroup section */

/* Begin PBXNativeTarget section */
		B4BE8AF41ACA312600F25852 /* FractalBrowser */ = {
			isa = PBXNativeTarget;
			buildConfigurationList = B4BE8AFC1ACA312600F25852 /* Build configuration list for PBXNativeTarget "FractalBrowser" */;
			buildPhases = (
				B4BE8AF11ACA312600F25852 /* Sources */,
				B4BE8AF21ACA312600F25852 /* Frameworks */,
				B4BE8AF31ACA312600F25852 /* CopyFiles */,
			);
			buildRules = (
			);
			dependencies = (
			);
			name = FractalBrowser;
			productName = FractalBrowser;
			productReference = B4BE8AF51ACA312600F25852 /* FractalBrowser */;
			productType = "com.apple.product-type.tool";
		};
/* End PBXNativeTarget section */

/* Begin PBXProject section */
		B4BE8AED1ACA312600F25852 /* Project object */ = {
			isa = PBXProject;
			attributes = {
				LastUpgradeCheck = 0620;
				ORGANIZATIONNAME = Team060;
				TargetAttributes = {
					B4BE8AF41ACA312600F25852 = {
						CreatedOnToolsVersion = 6.2;
					};
				};
			};
			buildConfigurationList = B4BE8AF01ACA312600F25852 /* Build configuration list for PBXProject "FractalBrowser" */;
			compatibilityVersion = "Xcode 3.2";
			developmentRegion = English;
			hasScannedForEncodings = 0;
			knownRegions = (
				en,
			);
			mainGroup = B4BE8AEC1ACA312600F25852;
			productRefGroup = B4BE8AF61ACA312600F25852 /* Products */;
			projectDirPath = "";
			projectRoot = "";
			targets = (
				B4BE8AF41ACA312600F25852 /* FractalBrowser */,
			);
		};
/* End PBXProject section */

/* Begin PBXSourcesBuildPhase section */
		B4BE8AF11ACA312600F25852 /* Sources */ = {
			isa = PBXSourcesBuildPhase;
			buildActionMask = 2147483647;
			files = (
				B4BE8B061ACA319300F25852 /* CApp_OnCleanup.cpp in Sources */,
				B4BE8B0A1ACA319300F25852 /* CApp_OnRender.cpp in Sources */,
				B4BE8B071ACA319300F25852 /* CApp_OnEvent.cpp in Sources */,
				B4BE8B0B1ACA319300F25852 /* CApp.cpp in Sources */,
				B4BE8B091ACA319300F25852 /* CApp_OnLoop.cpp in Sources */,
				B4BE8B081ACA319300F25852 /* CApp_OnInit.cpp in Sources */,
				B4BE8B1B1ACA31F400F25852 /* Mandelbrot.cpp in Sources */,
			);
			runOnlyForDeploymentPostprocessing = 0;
		};
/* End PBXSourcesBuildPhase section */

/* Begin XCBuildConfiguration section */
		B4BE8AFA1ACA312600F25852 /* Debug */ = {
			isa = XCBuildConfiguration;
			buildSettings = {
				ALWAYS_SEARCH_USER_PATHS = NO;
				CLANG_CXX_LANGUAGE_STANDARD = "gnu++0x";
				CLANG_CXX_LIBRARY = "libc++";
				CLANG_ENABLE_MODULES = YES;
				CLANG_ENABLE_OBJC_ARC = YES;
				CLANG_WARN_BOOL_CONVERSION = YES;
				CLANG_WARN_CONSTANT_CONVERSION = YES;
				CLANG_WARN_DIRECT_OBJC_ISA_USAGE = YES_ERROR;
				CLANG_WARN_EMPTY_BODY = YES;
				CLANG_WARN_ENUM_CONVERSION = YES;
				CLANG_WARN_INT_CONVERSION = YES;
				CLANG_WARN_OBJC_ROOT_CLASS = YES_ERROR;
				CLANG_WARN_UNREACHABLE_CODE = YES;
				CLANG_WARN__DUPLICATE_METHOD_MATCH = YES;
				COPY_PHASE_STRIP = NO;
				ENABLE_STRICT_OBJC_MSGSEND = YES;
				GCC_C_LANGUAGE_STANDARD = gnu99;
				GCC_DYNAMIC_NO_PIC = NO;
				GCC_OPTIMIZATION_LEVEL = 0;
				GCC_PREPROCESSOR_DEFINITIONS = (
					"DEBUG=1",
					"$(inherited)",
				);
				GCC_SYMBOLS_PRIVATE_EXTERN = NO;
				GCC_WARN_64_TO_32_BIT_CONVERSION = YES;
				GCC_WARN_ABOUT_RETURN_TYPE = YES_ERROR;
				GCC_WARN_UNDECLARED_SELECTOR = YES;
				GCC_WARN_UNINITIALIZED_AUTOS = YES_AGGRESSIVE;
				GCC_WARN_UNUSED_FUNCTION = YES;
				GCC_WARN_UNUSED_VARIABLE = YES;
				MACOSX_DEPLOYMENT_TARGET = 10.10;
				MTL_ENABLE_DEBUG_INFO = YES;
				ONLY_ACTIVE_ARCH = YES;
				SDKROOT = macosx;
			};
			name = Debug;
		};
		B4BE8AFB1ACA312600F25852 /* Release */ = {
			isa = XCBuildConfiguration;
			buildSettings = {
				ALWAYS_SEARCH_USER_PATHS = NO;
				CLANG_CXX_LANGUAGE_STANDARD = "gnu++0x";
				CLANG_CXX_LIBRARY = "libc++";
				CLANG_ENABLE_MODULES = YES;
				CLANG_ENABLE_OBJC_ARC = YES;
				CLANG_WARN_BOOL_CONVERSION = YES;
				CLANG_WARN_CONSTANT_CONVERSION = YES;
				CLANG_WARN_DIRECT_OBJC_ISA_USAGE = YES_ERROR;
				CLANG_WARN_EMPTY_BODY = YES;
				CLANG_WARN_ENUM_CONVERSION = YES;
				CLANG_WARN_INT_CONVERSION = YES;
				CLANG_WARN_OBJC_ROOT_CLASS = YES_ERROR;
				CLANG_WARN_UNREACHABLE_CODE = YES;
				CLANG_WARN__DUPLICATE_METHOD_MATCH = YES;
				COPY_PHASE_STRIP = NO;
				DEBUG_INFORMATION_FORMAT = "dwarf-with-dsym";
				ENABLE_NS_ASSERTIONS = NO;
				ENABLE_STRICT_OBJC_MSGSEND = YES;
				GCC_C_LANGUAGE_STANDARD = gnu99;
				GCC_WARN_64_TO_32_BIT_CONVERSION = YES;
				GCC_WARN_ABOUT_RETURN_TYPE = YES_ERROR;
				GCC_WARN_UNDECLARED_SELECTOR = YES;
				GCC_WARN_UNINITIALIZED_AUTOS = YES_AGGRESSIVE;
				GCC_WARN_UNUSED_FUNCTION = YES;
				GCC_WARN_UNUSED_VARIABLE = YES;
				MACOSX_DEPLOYMENT_TARGET = 10.10;
				MTL_ENABLE_DEBUG_INFO = NO;
				SDKROOT = macosx;
			};
			name = Release;
		};
		B4BE8AFD1ACA312600F25852 /* Debug */ = {
			isa = XCBuildConfiguration;
			buildSettings = {
				FRAMEWORK_SEARCH_PATHS = (
					"$(inherited)",
					"$(LOCAL_LIBRARY_DIR)/Frameworks",
				);
				PRODUCT_NAME = "$(TARGET_NAME)";
			};
			name = Debug;
		};
		B4BE8AFE1ACA312600F25852 /* Release */ = {
			isa = XCBuildConfiguration;
			buildSettings = {
				FRAMEWORK_SEARCH_PATHS = (
					"$(inherited)",
					"$(LOCAL_LIBRARY_DIR)/Frameworks",
				);
				PRODUCT_NAME = "$(TARGET_NAME)";
			};
			name = Release;
		};
/* End XCBuildConfiguration section */

/* Begin XCConfigurationList section */
		B4BE8AF01ACA312600F25852 /* Build configuration list for PBXProject "FractalBrowser" */ = {
			isa = XCConfigurationList;
			buildConfigurations = (
				B4BE8AFA1ACA312600F25852 /* Debug */,
				B4BE8AFB1ACA312600F25852 /* Release */,
			);
			defaultConfigurationIsVisible = 0;
			defaultConfigurationName = Release;
		};
		B4BE8AFC1ACA312600F25852 /* Build configuration list for PBXNativeTarget "FractalBrowser" */ = {
			isa = XCConfigurationList;
			buildConfigurations = (
				B4BE8AFD1ACA312600F25852 /* Debug */,
				B4BE8AFE1ACA312600F25852 /* Release */,
			);
			defaultConfigurationIsVisible = 0;
		};
/* End XCConfigurationList section */
	};
	rootObject = B4BE8AED1ACA312600F25852 /* Project object */;
}
